
Microsoft Visual Studio Solution File, Format Version 12.00
# Visual Studio Version 17
VisualStudioVersion = 17.4.33103.184
MinimumVisualStudioVersion = 10.0.40219.1
Project("{9A19103F-16F7-4668-BE54-9A1E7A4F7556}") = "Entities", "Entities\Entities.csproj", "{2102A5CC-995F-45E0-A183-B07D69C603DE}"
EndProject
Project("{9A19103F-16F7-4668-BE54-9A1E7A4F7556}") = "DAL", "DAL\DAL.csproj", "{57A3FEE7-B280-457E-AE05-BBE10F899926}"
EndProject
Project("{9A19103F-16F7-4668-BE54-9A1E7A4F7556}") = "BackEnd", "BackEnd\BackEnd.csproj", "{B6E7C7B4-FB86-4E72-8396-BF02C74362D5}"
EndProject
Global
	GlobalSection(SolutionConfigurationPlatforms) = preSolution
		Debug|Any CPU = Debug|Any CPU
		Release|Any CPU = Release|Any CPU
	EndGlobalSection
	GlobalSection(ProjectConfigurationPlatforms) = postSolution
		{2102A5CC-995F-45E0-A183-B07D69C603DE}.Debug|Any CPU.ActiveCfg = Debug|Any CPU
		{2102A5CC-995F-45E0-A183-B07D69C603DE}.Debug|Any CPU.Build.0 = Debug|Any CPU
		{2102A5CC-995F-45E0-A183-B07D69C603DE}.Release|Any CPU.ActiveCfg = Release|Any CPU
		{2102A5CC-995F-45E0-A183-B07D69C603DE}.Release|Any CPU.Build.0 = Release|Any CPU
		{57A3FEE7-B280-457E-AE05-BBE10F899926}.Debug|Any CPU.ActiveCfg = Debug|Any CPU
		{57A3FEE7-B280-457E-AE05-BBE10F899926}.Debug|Any CPU.Build.0 = Debug|Any CPU
		{57A3FEE7-B280-457E-AE05-BBE10F899926}.Release|Any CPU.ActiveCfg = Release|Any CPU
		{57A3FEE7-B280-457E-AE05-BBE10F899926}.Release|Any CPU.Build.0 = Release|Any CPU
		{B6E7C7B4-FB86-4E72-8396-BF02C74362D5}.Debug|Any CPU.ActiveCfg = Debug|Any CPU
		{B6E7C7B4-FB86-4E72-8396-BF02C74362D5}.Debug|Any CPU.Build.0 = Debug|Any CPU
		{B6E7C7B4-FB86-4E72-8396-BF02C74362D5}.Release|Any CPU.ActiveCfg = Release|Any CPU
		{B6E7C7B4-FB86-4E72-8396-BF02C74362D5}.Release|Any CPU.Build.0 = Release|Any CPU
	EndGlobalSection
	GlobalSection(SolutionProperties) = preSolution
		HideSolutionNode = FALSE
	EndGlobalSection
	GlobalSection(ExtensibilityGlobals) = postSolution
		SolutionGuid = {CBA23142-975C-4324-9B4C-551FDE646D92}
	EndGlobalSection
EndGlobal
